// !$*UTF8*$!
{
	archiveVersion = 1;
	classes = {
	};
	objectVersion = 56;
	objects = {

/* Begin PBXBuildFile section */
		91FC33FD29A768B300D32E65 /* AsyncLoaderImplementationApp.swift in Sources */ = {isa = PBXBuildFile; fileRef = 91FC33FC29A768B300D32E65 /* AsyncLoaderImplementationApp.swift */; };
		91FC340129A768B500D32E65 /* Assets.xcassets in Resources */ = {isa = PBXBuildFile; fileRef = 91FC340029A768B500D32E65 /* Assets.xcassets */; };
		91FC340429A768B500D32E65 /* Preview Assets.xcassets in Resources */ = {isa = PBXBuildFile; fileRef = 91FC340329A768B500D32E65 /* Preview Assets.xcassets */; };
		91FC340E29A768B500D32E65 /* AsyncLoaderImplementationTests.swift in Sources */ = {isa = PBXBuildFile; fileRef = 91FC340D29A768B500D32E65 /* AsyncLoaderImplementationTests.swift */; };
		91FC341829A768B500D32E65 /* AsyncLoaderImplementationUITests.swift in Sources */ = {isa = PBXBuildFile; fileRef = 91FC341729A768B500D32E65 /* AsyncLoaderImplementationUITests.swift */; };
		91FC341A29A768B500D32E65 /* AsyncLoaderImplementationUITestsLaunchTests.swift in Sources */ = {isa = PBXBuildFile; fileRef = 91FC341929A768B500D32E65 /* AsyncLoaderImplementationUITestsLaunchTests.swift */; };
		91FC342E29A768C400D32E65 /* BookingLoaderContentView.swift in Sources */ = {isa = PBXBuildFile; fileRef = 91FC342629A768C300D32E65 /* BookingLoaderContentView.swift */; };
		91FC342F29A768C400D32E65 /* BookingProcessor.swift in Sources */ = {isa = PBXBuildFile; fileRef = 91FC342729A768C400D32E65 /* BookingProcessor.swift */; };
		91FC343029A768C400D32E65 /* CheckoutScreen.swift in Sources */ = {isa = PBXBuildFile; fileRef = 91FC342829A768C400D32E65 /* CheckoutScreen.swift */; };
		91FC343129A768C400D32E65 /* BookingLoader.swift in Sources */ = {isa = PBXBuildFile; fileRef = 91FC342929A768C400D32E65 /* BookingLoader.swift */; };
		91FC343229A768C400D32E65 /* CheckoutScreenViewModel.swift in Sources */ = {isa = PBXBuildFile; fileRef = 91FC342A29A768C400D32E65 /* CheckoutScreenViewModel.swift */; };
		91FC343329A768C400D32E65 /* BookingService.swift in Sources */ = {isa = PBXBuildFile; fileRef = 91FC342B29A768C400D32E65 /* BookingService.swift */; };
		91FC343429A768C400D32E65 /* BookingResponse.swift in Sources */ = {isa = PBXBuildFile; fileRef = 91FC342C29A768C400D32E65 /* BookingResponse.swift */; };
		91FC343529A768C400D32E65 /* HomeScreen.swift in Sources */ = {isa = PBXBuildFile; fileRef = 91FC342D29A768C400D32E65 /* HomeScreen.swift */; };
/* End PBXBuildFile section */

/* Begin PBXContainerItemProxy section */
		91FC340A29A768B500D32E65 /* PBXContainerItemProxy */ = {
			isa = PBXContainerItemProxy;
			containerPortal = 91FC33F129A768B300D32E65 /* Project object */;
			proxyType = 1;
			remoteGlobalIDString = 91FC33F829A768B300D32E65;
			remoteInfo = AsyncLoaderImplementation;
		};
		91FC341429A768B500D32E65 /* PBXContainerItemProxy */ = {
			isa = PBXContainerItemProxy;
			containerPortal = 91FC33F129A768B300D32E65 /* Project object */;
			proxyType = 1;
			remoteGlobalIDString = 91FC33F829A768B300D32E65;
			remoteInfo = AsyncLoaderImplementation;
		};
/* End PBXContainerItemProxy section */

/* Begin PBXFileReference section */
		91FC33F929A768B300D32E65 /* AsyncLoaderImplementation.app */ = {isa = PBXFileReference; explicitFileType = wrapper.application; includeInIndex = 0; path = AsyncLoaderImplementation.app; sourceTree = BUILT_PRODUCTS_DIR; };
		91FC33FC29A768B300D32E65 /* AsyncLoaderImplementationApp.swift */ = {isa = PBXFileReference; lastKnownFileType = sourcecode.swift; path = AsyncLoaderImplementationApp.swift; sourceTree = "<group>"; };
		91FC340029A768B500D32E65 /* Assets.xcassets */ = {isa = PBXFileReference; lastKnownFileType = folder.assetcatalog; path = Assets.xcassets; sourceTree = "<group>"; };
		91FC340329A768B500D32E65 /* Preview Assets.xcassets */ = {isa = PBXFileReference; lastKnownFileType = folder.assetcatalog; path = "Preview Assets.xcassets"; sourceTree = "<group>"; };
		91FC340929A768B500D32E65 /* AsyncLoaderImplementationTests.xctest */ = {isa = PBXFileReference; explicitFileType = wrapper.cfbundle; includeInIndex = 0; path = AsyncLoaderImplementationTests.xctest; sourceTree = BUILT_PRODUCTS_DIR; };
		91FC340D29A768B500D32E65 /* AsyncLoaderImplementationTests.swift */ = {isa = PBXFileReference; lastKnownFileType = sourcecode.swift; path = AsyncLoaderImplementationTests.swift; sourceTree = "<group>"; };
		91FC341329A768B500D32E65 /* AsyncLoaderImplementationUITests.xctest */ = {isa = PBXFileReference; explicitFileType = wrapper.cfbundle; includeInIndex = 0; path = AsyncLoaderImplementationUITests.xctest; sourceTree = BUILT_PRODUCTS_DIR; };
		91FC341729A768B500D32E65 /* AsyncLoaderImplementationUITests.swift */ = {isa = PBXFileReference; lastKnownFileType = sourcecode.swift; path = AsyncLoaderImplementationUITests.swift; sourceTree = "<group>"; };
		91FC341929A768B500D32E65 /* AsyncLoaderImplementationUITestsLaunchTests.swift */ = {isa = PBXFileReference; lastKnownFileType = sourcecode.swift; path = AsyncLoaderImplementationUITestsLaunchTests.swift; sourceTree = "<group>"; };
		91FC342629A768C300D32E65 /* BookingLoaderContentView.swift */ = {isa = PBXFileReference; fileEncoding = 4; lastKnownFileType = sourcecode.swift; path = BookingLoaderContentView.swift; sourceTree = "<group>"; };
		91FC342729A768C400D32E65 /* BookingProcessor.swift */ = {isa = PBXFileReference; fileEncoding = 4; lastKnownFileType = sourcecode.swift; path = BookingProcessor.swift; sourceTree = "<group>"; };
		91FC342829A768C400D32E65 /* CheckoutScreen.swift */ = {isa = PBXFileReference; fileEncoding = 4; lastKnownFileType = sourcecode.swift; path = CheckoutScreen.swift; sourceTree = "<group>"; };
		91FC342929A768C400D32E65 /* BookingLoader.swift */ = {isa = PBXFileReference; fileEncoding = 4; lastKnownFileType = sourcecode.swift; path = BookingLoader.swift; sourceTree = "<group>"; };
		91FC342A29A768C400D32E65 /* CheckoutScreenViewModel.swift */ = {isa = PBXFileReference; fileEncoding = 4; lastKnownFileType = sourcecode.swift; path = CheckoutScreenViewModel.swift; sourceTree = "<group>"; };
		91FC342B29A768C400D32E65 /* BookingService.swift */ = {isa = PBXFileReference; fileEncoding = 4; lastKnownFileType = sourcecode.swift; path = BookingService.swift; sourceTree = "<group>"; };
		91FC342C29A768C400D32E65 /* BookingResponse.swift */ = {isa = PBXFileReference; fileEncoding = 4; lastKnownFileType = sourcecode.swift; path = BookingResponse.swift; sourceTree = "<group>"; };
		91FC342D29A768C400D32E65 /* HomeScreen.swift */ = {isa = PBXFileReference; fileEncoding = 4; lastKnownFileType = sourcecode.swift; path = HomeScreen.swift; sourceTree = "<group>"; };
/* End PBXFileReference section */

/* Begin PBXFrameworksBuildPhase section */
		91FC33F629A768B300D32E65 /* Frameworks */ = {
			isa = PBXFrameworksBuildPhase;
			buildActionMask = 2147483647;
			files = (
			);
			runOnlyForDeploymentPostprocessing = 0;
		};
		91FC340629A768B500D32E65 /* Frameworks */ = {
			isa = PBXFrameworksBuildPhase;
			buildActionMask = 2147483647;
			files = (
			);
			runOnlyForDeploymentPostprocessing = 0;
		};
		91FC341029A768B500D32E65 /* Frameworks */ = {
			isa = PBXFrameworksBuildPhase;
			buildActionMask = 2147483647;
			files = (
			);
			runOnlyForDeploymentPostprocessing = 0;
		};
/* End PBXFrameworksBuildPhase section */

/* Begin PBXGroup section */
		91FC33F029A768B300D32E65 = {
			isa = PBXGroup;
			children = (
				91FC33FB29A768B300D32E65 /* AsyncLoaderImplementation */,
				91FC340C29A768B500D32E65 /* AsyncLoaderImplementationTests */,
				91FC341629A768B500D32E65 /* AsyncLoaderImplementationUITests */,
				91FC33FA29A768B300D32E65 /* Products */,
			);
			sourceTree = "<group>";
		};
		91FC33FA29A768B300D32E65 /* Products */ = {
			isa = PBXGroup;
			children = (
				91FC33F929A768B300D32E65 /* AsyncLoaderImplementation.app */,
				91FC340929A768B500D32E65 /* AsyncLoaderImplementationTests.xctest */,
				91FC341329A768B500D32E65 /* AsyncLoaderImplementationUITests.xctest */,
			);
			name = Products;
			sourceTree = "<group>";
		};
		91FC33FB29A768B300D32E65 /* AsyncLoaderImplementation */ = {
			isa = PBXGroup;
			children = (
				91FC33FC29A768B300D32E65 /* AsyncLoaderImplementationApp.swift */,
				91FC342D29A768C400D32E65 /* HomeScreen.swift */,
				91FC342829A768C400D32E65 /* CheckoutScreen.swift */,
				91FC342A29A768C400D32E65 /* CheckoutScreenViewModel.swift */,
				91FC342B29A768C400D32E65 /* BookingService.swift */,
				91FC342729A768C400D32E65 /* BookingProcessor.swift */,
				91FC342929A768C400D32E65 /* BookingLoader.swift */,
				91FC342629A768C300D32E65 /* BookingLoaderContentView.swift */,
				91FC342C29A768C400D32E65 /* BookingResponse.swift */,
				91FC340029A768B500D32E65 /* Assets.xcassets */,
				91FC340229A768B500D32E65 /* Preview Content */,
			);
			path = AsyncLoaderImplementation;
			sourceTree = "<group>";
		};
		91FC340229A768B500D32E65 /* Preview Content */ = {
			isa = PBXGroup;
			children = (
				91FC340329A768B500D32E65 /* Preview Assets.xcassets */,
			);
			path = "Preview Content";
			sourceTree = "<group>";
		};
		91FC340C29A768B500D32E65 /* AsyncLoaderImplementationTests */ = {
			isa = PBXGroup;
			children = (
				91FC340D29A768B500D32E65 /* AsyncLoaderImplementationTests.swift */,
			);
			path = AsyncLoaderImplementationTests;
			sourceTree = "<group>";
		};
		91FC341629A768B500D32E65 /* AsyncLoaderImplementationUITests */ = {
			isa = PBXGroup;
			children = (
				91FC341729A768B500D32E65 /* AsyncLoaderImplementationUITests.swift */,
				91FC341929A768B500D32E65 /* AsyncLoaderImplementationUITestsLaunchTests.swift */,
			);
			path = AsyncLoaderImplementationUITests;
			sourceTree = "<group>";
		};
/* End PBXGroup section */

/* Begin PBXNativeTarget section */
		91FC33F829A768B300D32E65 /* AsyncLoaderImplementation */ = {
			isa = PBXNativeTarget;
			buildConfigurationList = 91FC341D29A768B500D32E65 /* Build configuration list for PBXNativeTarget "AsyncLoaderImplementation" */;
			buildPhases = (
				91FC33F529A768B300D32E65 /* Sources */,
				91FC33F629A768B300D32E65 /* Frameworks */,
				91FC33F729A768B300D32E65 /* Resources */,
			);
			buildRules = (
			);
			dependencies = (
			);
			name = AsyncLoaderImplementation;
			productName = AsyncLoaderImplementation;
			productReference = 91FC33F929A768B300D32E65 /* AsyncLoaderImplementation.app */;
			productType = "com.apple.product-type.application";
		};
		91FC340829A768B500D32E65 /* AsyncLoaderImplementationTests */ = {
			isa = PBXNativeTarget;
			buildConfigurationList = 91FC342029A768B500D32E65 /* Build configuration list for PBXNativeTarget "AsyncLoaderImplementationTests" */;
			buildPhases = (
				91FC340529A768B500D32E65 /* Sources */,
				91FC340629A768B500D32E65 /* Frameworks */,
				91FC340729A768B500D32E65 /* Resources */,
			);
			buildRules = (
			);
			dependencies = (
				91FC340B29A768B500D32E65 /* PBXTargetDependency */,
			);
			name = AsyncLoaderImplementationTests;
			productName = AsyncLoaderImplementationTests;
			productReference = 91FC340929A768B500D32E65 /* AsyncLoaderImplementationTests.xctest */;
			productType = "com.apple.product-type.bundle.unit-test";
		};
		91FC341229A768B500D32E65 /* AsyncLoaderImplementationUITests */ = {
			isa = PBXNativeTarget;
			buildConfigurationList = 91FC342329A768B500D32E65 /* Build configuration list for PBXNativeTarget "AsyncLoaderImplementationUITests" */;
			buildPhases = (
				91FC340F29A768B500D32E65 /* Sources */,
				91FC341029A768B500D32E65 /* Frameworks */,
				91FC341129A768B500D32E65 /* Resources */,
			);
			buildRules = (
			);
			dependencies = (
				91FC341529A768B500D32E65 /* PBXTargetDependency */,
			);
			name = AsyncLoaderImplementationUITests;
			productName = AsyncLoaderImplementationUITests;
			productReference = 91FC341329A768B500D32E65 /* AsyncLoaderImplementationUITests.xctest */;
			productType = "com.apple.product-type.bundle.ui-testing";
		};
/* End PBXNativeTarget section */

/* Begin PBXProject section */
		91FC33F129A768B300D32E65 /* Project object */ = {
			isa = PBXProject;
			attributes = {
				BuildIndependentTargetsInParallel = 1;
				LastSwiftUpdateCheck = 1420;
				LastUpgradeCheck = 1420;
				TargetAttributes = {
					91FC33F829A768B300D32E65 = {
						CreatedOnToolsVersion = 14.2;
					};
					91FC340829A768B500D32E65 = {
						CreatedOnToolsVersion = 14.2;
						TestTargetID = 91FC33F829A768B300D32E65;
					};
					91FC341229A768B500D32E65 = {
						CreatedOnToolsVersion = 14.2;
						TestTargetID = 91FC33F829A768B300D32E65;
					};
				};
			};
			buildConfigurationList = 91FC33F429A768B300D32E65 /* Build configuration list for PBXProject "AsyncLoaderImplementation" */;
			compatibilityVersion = "Xcode 14.0";
			developmentRegion = en;
			hasScannedForEncodings = 0;
			knownRegions = (
				en,
				Base,
			);
			mainGroup = 91FC33F029A768B300D32E65;
			productRefGroup = 91FC33FA29A768B300D32E65 /* Products */;
			projectDirPath = "";
			projectRoot = "";
			targets = (
				91FC33F829A768B300D32E65 /* AsyncLoaderImplementation */,
				91FC340829A768B500D32E65 /* AsyncLoaderImplementationTests */,
				91FC341229A768B500D32E65 /* AsyncLoaderImplementationUITests */,
			);
		};
/* End PBXProject section */

/* Begin PBXResourcesBuildPhase section */
		91FC33F729A768B300D32E65 /* Resources */ = {
			isa = PBXResourcesBuildPhase;
			buildActionMask = 2147483647;
			files = (
				91FC340429A768B500D32E65 /* Preview Assets.xcassets in Resources */,
				91FC340129A768B500D32E65 /* Assets.xcassets in Resources */,
			);
			runOnlyForDeploymentPostprocessing = 0;
		};
		91FC340729A768B500D32E65 /* Resources */ = {
			isa = PBXResourcesBuildPhase;
			buildActionMask = 2147483647;
			files = (
			);
			runOnlyForDeploymentPostprocessing = 0;
		};
		91FC341129A768B500D32E65 /* Resources */ = {
			isa = PBXResourcesBuildPhase;
			buildActionMask = 2147483647;
			files = (
			);
			runOnlyForDeploymentPostprocessing = 0;
		};
/* End PBXResourcesBuildPhase section */

/* Begin PBXSourcesBuildPhase section */
		91FC33F529A768B300D32E65 /* Sources */ = {
			isa = PBXSourcesBuildPhase;
			buildActionMask = 2147483647;
			files = (
				91FC343129A768C400D32E65 /* BookingLoader.swift in Sources */,
				91FC343329A768C400D32E65 /* BookingService.swift in Sources */,
				91FC343429A768C400D32E65 /* BookingResponse.swift in Sources */,
				91FC342E29A768C400D32E65 /* BookingLoaderContentView.swift in Sources */,
				91FC343229A768C400D32E65 /* CheckoutScreenViewModel.swift in Sources */,
				91FC343529A768C400D32E65 /* HomeScreen.swift in Sources */,
				91FC343029A768C400D32E65 /* CheckoutScreen.swift in Sources */,
				91FC342F29A768C400D32E65 /* BookingProcessor.swift in Sources */,
				91FC33FD29A768B300D32E65 /* AsyncLoaderImplementationApp.swift in Sources */,
			);
			runOnlyForDeploymentPostprocessing = 0;
		};
		91FC340529A768B500D32E65 /* Sources */ = {
			isa = PBXSourcesBuildPhase;
			buildActionMask = 2147483647;
			files = (
				91FC340E29A768B500D32E65 /* AsyncLoaderImplementationTests.swift in Sources */,
			);
			runOnlyForDeploymentPostprocessing = 0;
		};
		91FC340F29A768B500D32E65 /* Sources */ = {
			isa = PBXSourcesBuildPhase;
			buildActionMask = 2147483647;
			files = (
				91FC341A29A768B500D32E65 /* AsyncLoaderImplementationUITestsLaunchTests.swift in Sources */,
				91FC341829A768B500D32E65 /* AsyncLoaderImplementationUITests.swift in Sources */,
			);
			runOnlyForDeploymentPostprocessing = 0;
		};
/* End PBXSourcesBuildPhase section */

/* Begin PBXTargetDependency section */
		91FC340B29A768B500D32E65 /* PBXTargetDependency */ = {
			isa = PBXTargetDependency;
			target = 91FC33F829A768B300D32E65 /* AsyncLoaderImplementation */;
			targetProxy = 91FC340A29A768B500D32E65 /* PBXContainerItemProxy */;
		};
		91FC341529A768B500D32E65 /* PBXTargetDependency */ = {
			isa = PBXTargetDependency;
			target = 91FC33F829A768B300D32E65 /* AsyncLoaderImplementation */;
			targetProxy = 91FC341429A768B500D32E65 /* PBXContainerItemProxy */;
		};
/* End PBXTargetDependency section */

/* Begin XCBuildConfiguration section */
		91FC341B29A768B500D32E65 /* Debug */ = {
			isa = XCBuildConfiguration;
			buildSettings = {
				ALWAYS_SEARCH_USER_PATHS = NO;
				CLANG_ANALYZER_NONNULL = YES;
				CLANG_ANALYZER_NUMBER_OBJECT_CONVERSION = YES_AGGRESSIVE;
				CLANG_CXX_LANGUAGE_STANDARD = "gnu++20";
				CLANG_ENABLE_MODULES = YES;
				CLANG_ENABLE_OBJC_ARC = YES;
				CLANG_ENABLE_OBJC_WEAK = YES;
				CLANG_WARN_BLOCK_CAPTURE_AUTORELEASING = YES;
				CLANG_WARN_BOOL_CONVERSION = YES;
				CLANG_WARN_COMMA = YES;
				CLANG_WARN_CONSTANT_CONVERSION = YES;
				CLANG_WARN_DEPRECATED_OBJC_IMPLEMENTATIONS = YES;
				CLANG_WARN_DIRECT_OBJC_ISA_USAGE = YES_ERROR;
				CLANG_WARN_DOCUMENTATION_COMMENTS = YES;
				CLANG_WARN_EMPTY_BODY = YES;
				CLANG_WARN_ENUM_CONVERSION = YES;
				CLANG_WARN_INFINITE_RECURSION = YES;
				CLANG_WARN_INT_CONVERSION = YES;
				CLANG_WARN_NON_LITERAL_NULL_CONVERSION = YES;
				CLANG_WARN_OBJC_IMPLICIT_RETAIN_SELF = YES;
				CLANG_WARN_OBJC_LITERAL_CONVERSION = YES;
				CLANG_WARN_OBJC_ROOT_CLASS = YES_ERROR;
				CLANG_WARN_QUOTED_INCLUDE_IN_FRAMEWORK_HEADER = YES;
				CLANG_WARN_RANGE_LOOP_ANALYSIS = YES;
				CLANG_WARN_STRICT_PROTOTYPES = YES;
				CLANG_WARN_SUSPICIOUS_MOVE = YES;
				CLANG_WARN_UNGUARDED_AVAILABILITY = YES_AGGRESSIVE;
				CLANG_WARN_UNREACHABLE_CODE = YES;
				CLANG_WARN__DUPLICATE_METHOD_MATCH = YES;
				COPY_PHASE_STRIP = NO;
				DEBUG_INFORMATION_FORMAT = dwarf;
				ENABLE_STRICT_OBJC_MSGSEND = YES;
				ENABLE_TESTABILITY = YES;
				GCC_C_LANGUAGE_STANDARD = gnu11;
				GCC_DYNAMIC_NO_PIC = NO;
				GCC_NO_COMMON_BLOCKS = YES;
				GCC_OPTIMIZATION_LEVEL = 0;
				GCC_PREPROCESSOR_DEFINITIONS = (
					"DEBUG=1",
					"$(inherited)",
				);
				GCC_WARN_64_TO_32_BIT_CONVERSION = YES;
				GCC_WARN_ABOUT_RETURN_TYPE = YES_ERROR;
				GCC_WARN_UNDECLARED_SELECTOR = YES;
				GCC_WARN_UNINITIALIZED_AUTOS = YES_AGGRESSIVE;
				GCC_WARN_UNUSED_FUNCTION = YES;
				GCC_WARN_UNUSED_VARIABLE = YES;
				IPHONEOS_DEPLOYMENT_TARGET = 16.2;
				MTL_ENABLE_DEBUG_INFO = INCLUDE_SOURCE;
				MTL_FAST_MATH = YES;
				ONLY_ACTIVE_ARCH = YES;
				SDKROOT = iphoneos;
				SWIFT_ACTIVE_COMPILATION_CONDITIONS = DEBUG;
				SWIFT_OPTIMIZATION_LEVEL = "-Onone";
			};
			name = Debug;
		};
		91FC341C29A768B500D32E65 /* Release */ = {
			isa = XCBuildConfiguration;
			buildSettings = {
				ALWAYS_SEARCH_USER_PATHS = NO;
				CLANG_ANALYZER_NONNULL = YES;
				CLANG_ANALYZER_NUMBER_OBJECT_CONVERSION = YES_AGGRESSIVE;
				CLANG_CXX_LANGUAGE_STANDARD = "gnu++20";
				CLANG_ENABLE_MODULES = YES;
				CLANG_ENABLE_OBJC_ARC = YES;
				CLANG_ENABLE_OBJC_WEAK = YES;
				CLANG_WARN_BLOCK_CAPTURE_AUTORELEASING = YES;
				CLANG_WARN_BOOL_CONVERSION = YES;
				CLANG_WARN_COMMA = YES;
				CLANG_WARN_CONSTANT_CONVERSION = YES;
				CLANG_WARN_DEPRECATED_OBJC_IMPLEMENTATIONS = YES;
				CLANG_WARN_DIRECT_OBJC_ISA_USAGE = YES_ERROR;
				CLANG_WARN_DOCUMENTATION_COMMENTS = YES;
				CLANG_WARN_EMPTY_BODY = YES;
				CLANG_WARN_ENUM_CONVERSION = YES;
				CLANG_WARN_INFINITE_RECURSION = YES;
				CLANG_WARN_INT_CONVERSION = YES;
				CLANG_WARN_NON_LITERAL_NULL_CONVERSION = YES;
				CLANG_WARN_OBJC_IMPLICIT_RETAIN_SELF = YES;
				CLANG_WARN_OBJC_LITERAL_CONVERSION = YES;
				CLANG_WARN_OBJC_ROOT_CLASS = YES_ERROR;
				CLANG_WARN_QUOTED_INCLUDE_IN_FRAMEWORK_HEADER = YES;
				CLANG_WARN_RANGE_LOOP_ANALYSIS = YES;
				CLANG_WARN_STRICT_PROTOTYPES = YES;
				CLANG_WARN_SUSPICIOUS_MOVE = YES;
				CLANG_WARN_UNGUARDED_AVAILABILITY = YES_AGGRESSIVE;
				CLANG_WARN_UNREACHABLE_CODE = YES;
				CLANG_WARN__DUPLICATE_METHOD_MATCH = YES;
				COPY_PHASE_STRIP = NO;
				DEBUG_INFORMATION_FORMAT = "dwarf-with-dsym";
				ENABLE_NS_ASSERTIONS = NO;
				ENABLE_STRICT_OBJC_MSGSEND = YES;
				GCC_C_LANGUAGE_STANDARD = gnu11;
				GCC_NO_COMMON_BLOCKS = YES;
				GCC_WARN_64_TO_32_BIT_CONVERSION = YES;
				GCC_WARN_ABOUT_RETURN_TYPE = YES_ERROR;
				GCC_WARN_UNDECLARED_SELECTOR = YES;
				GCC_WARN_UNINITIALIZED_AUTOS = YES_AGGRESSIVE;
				GCC_WARN_UNUSED_FUNCTION = YES;
				GCC_WARN_UNUSED_VARIABLE = YES;
				IPHONEOS_DEPLOYMENT_TARGET = 16.2;
				MTL_ENABLE_DEBUG_INFO = NO;
				MTL_FAST_MATH = YES;
				SDKROOT = iphoneos;
				SWIFT_COMPILATION_MODE = wholemodule;
				SWIFT_OPTIMIZATION_LEVEL = "-O";
				VALIDATE_PRODUCT = YES;
			};
			name = Release;
		};
		91FC341E29A768B500D32E65 /* Debug */ = {
			isa = XCBuildConfiguration;
			buildSettings = {
				ASSETCATALOG_COMPILER_APPICON_NAME = AppIcon;
				ASSETCATALOG_COMPILER_GLOBAL_ACCENT_COLOR_NAME = AccentColor;
				CODE_SIGN_STYLE = Automatic;
				CURRENT_PROJECT_VERSION = 1;
				DEVELOPMENT_ASSET_PATHS = "\"AsyncLoaderImplementation/Preview Content\"";
				ENABLE_PREVIEWS = YES;
				GENERATE_INFOPLIST_FILE = YES;
				INFOPLIST_KEY_UIApplicationSceneManifest_Generation = YES;
				INFOPLIST_KEY_UIApplicationSupportsIndirectInputEvents = YES;
				INFOPLIST_KEY_UILaunchScreen_Generation = YES;
				INFOPLIST_KEY_UISupportedInterfaceOrientations_iPad = "UIInterfaceOrientationPortrait UIInterfaceOrientationPortraitUpsideDown UIInterfaceOrientationLandscapeLeft UIInterfaceOrientationLandscapeRight";
				INFOPLIST_KEY_UISupportedInterfaceOrientations_iPhone = "UIInterfaceOrientationPortrait UIInterfaceOrientationLandscapeLeft UIInterfaceOrientationLandscapeRight";
				LD_RUNPATH_SEARCH_PATHS = (
					"$(inherited)",
					"@executable_path/Frameworks",
				);
				MARKETING_VERSION = 1.0;
				PRODUCT_BUNDLE_IDENTIFIER = ABC.AsyncLoaderImplementation;
				PRODUCT_NAME = "$(TARGET_NAME)";
				SWIFT_EMIT_LOC_STRINGS = YES;
				SWIFT_VERSION = 5.0;
				TARGETED_DEVICE_FAMILY = "1,2";
			};
			name = Debug;
		};
		91FC341F29A768B500D32E65 /* Release */ = {
			isa = XCBuildConfiguration;
			buildSettings = {
				ASSETCATALOG_COMPILER_APPICON_NAME = AppIcon;
				ASSETCATALOG_COMPILER_GLOBAL_ACCENT_COLOR_NAME = AccentColor;
				CODE_SIGN_STYLE = Automatic;
				CURRENT_PROJECT_VERSION = 1;
				DEVELOPMENT_ASSET_PATHS = "\"AsyncLoaderImplementation/Preview Content\"";
				ENABLE_PREVIEWS = YES;
				GENERATE_INFOPLIST_FILE = YES;
				INFOPLIST_KEY_UIApplicationSceneManifest_Generation = YES;
				INFOPLIST_KEY_UIApplicationSupportsIndirectInputEvents = YES;
				INFOPLIST_KEY_UILaunchScreen_Generation = YES;
				INFOPLIST_KEY_UISupportedInterfaceOrientations_iPad = "UIInterfaceOrientationPortrait UIInterfaceOrientationPortraitUpsideDown UIInterfaceOrientationLandscapeLeft UIInterfaceOrientationLandscapeRight";
				INFOPLIST_KEY_UISupportedInterfaceOrientations_iPhone = "UIInterfaceOrientationPortrait UIInterfaceOrientationLandscapeLeft UIInterfaceOrientationLandscapeRight";
				LD_RUNPATH_SEARCH_PATHS = (
					"$(inherited)",
					"@executable_path/Frameworks",
				);
				MARKETING_VERSION = 1.0;
				PRODUCT_BUNDLE_IDENTIFIER = ABC.AsyncLoaderImplementation;
				PRODUCT_NAME = "$(TARGET_NAME)";
				SWIFT_EMIT_LOC_STRINGS = YES;
				SWIFT_VERSION = 5.0;
				TARGETED_DEVICE_FAMILY = "1,2";
			};
			name = Release;
		};
		91FC342129A768B500D32E65 /* Debug */ = {
			isa = XCBuildConfiguration;
			buildSettings = {
				ALWAYS_EMBED_SWIFT_STANDARD_LIBRARIES = YES;
				BUNDLE_LOADER = "$(TEST_HOST)";
				CODE_SIGN_STYLE = Automatic;
				CURRENT_PROJECT_VERSION = 1;
				GENERATE_INFOPLIST_FILE = YES;
				IPHONEOS_DEPLOYMENT_TARGET = 16.2;
				MARKETING_VERSION = 1.0;
				PRODUCT_BUNDLE_IDENTIFIER = ABC.AsyncLoaderImplementationTests;
				PRODUCT_NAME = "$(TARGET_NAME)";
				SWIFT_EMIT_LOC_STRINGS = NO;
				SWIFT_VERSION = 5.0;
				TARGETED_DEVICE_FAMILY = "1,2";
				TEST_HOST = "$(BUILT_PRODUCTS_DIR)/AsyncLoaderImplementation.app/$(BUNDLE_EXECUTABLE_FOLDER_PATH)/AsyncLoaderImplementation";
			};
			name = Debug;
		};
		91FC342229A768B500D32E65 /* Release */ = {
			isa = XCBuildConfiguration;
			buildSettings = {
				ALWAYS_EMBED_SWIFT_STANDARD_LIBRARIES = YES;
				BUNDLE_LOADER = "$(TEST_HOST)";
				CODE_SIGN_STYLE = Automatic;
				CURRENT_PROJECT_VERSION = 1;
				GENERATE_INFOPLIST_FILE = YES;
				IPHONEOS_DEPLOYMENT_TARGET = 16.2;
				MARKETING_VERSION = 1.0;
				PRODUCT_BUNDLE_IDENTIFIER = ABC.AsyncLoaderImplementationTests;
				PRODUCT_NAME = "$(TARGET_NAME)";
				SWIFT_EMIT_LOC_STRINGS = NO;
				SWIFT_VERSION = 5.0;
				TARGETED_DEVICE_FAMILY = "1,2";
				TEST_HOST = "$(BUILT_PRODUCTS_DIR)/AsyncLoaderImplementation.app/$(BUNDLE_EXECUTABLE_FOLDER_PATH)/AsyncLoaderImplementation";
			};
			name = Release;
		};
		91FC342429A768B500D32E65 /* Debug */ = {
			isa = XCBuildConfiguration;
			buildSettings = {
				ALWAYS_EMBED_SWIFT_STANDARD_LIBRARIES = YES;
				CODE_SIGN_STYLE = Automatic;
				CURRENT_PROJECT_VERSION = 1;
				GENERATE_INFOPLIST_FILE = YES;
				MARKETING_VERSION = 1.0;
				PRODUCT_BUNDLE_IDENTIFIER = ABC.AsyncLoaderImplementationUITests;
				PRODUCT_NAME = "$(TARGET_NAME)";
				SWIFT_EMIT_LOC_STRINGS = NO;
				SWIFT_VERSION = 5.0;
				TARGETED_DEVICE_FAMILY = "1,2";
				TEST_TARGET_NAME = AsyncLoaderImplementation;
			};
			name = Debug;
		};
		91FC342529A768B500D32E65 /* Release */ = {
			isa = XCBuildConfiguration;
			buildSettings = {
				ALWAYS_EMBED_SWIFT_STANDARD_LIBRARIES = YES;
				CODE_SIGN_STYLE = Automatic;
				CURRENT_PROJECT_VERSION = 1;
				GENERATE_INFOPLIST_FILE = YES;
				MARKETING_VERSION = 1.0;
				PRODUCT_BUNDLE_IDENTIFIER = ABC.AsyncLoaderImplementationUITests;
				PRODUCT_NAME = "$(TARGET_NAME)";
				SWIFT_EMIT_LOC_STRINGS = NO;
				SWIFT_VERSION = 5.0;
				TARGETED_DEVICE_FAMILY = "1,2";
				TEST_TARGET_NAME = AsyncLoaderImplementation;
			};
			name = Release;
		};
/* End XCBuildConfiguration section */

/* Begin XCConfigurationList section */
		91FC33F429A768B300D32E65 /* Build configuration list for PBXProject "AsyncLoaderImplementation" */ = {
			isa = XCConfigurationList;
			buildConfigurations = (
				91FC341B29A768B500D32E65 /* Debug */,
				91FC341C29A768B500D32E65 /* Release */,
			);
			defaultConfigurationIsVisible = 0;
			defaultConfigurationName = Release;
		};
		91FC341D29A768B500D32E65 /* Build configuration list for PBXNativeTarget "AsyncLoaderImplementation" */ = {
			isa = XCConfigurationList;
			buildConfigurations = (
				91FC341E29A768B500D32E65 /* Debug */,
				91FC341F29A768B500D32E65 /* Release */,
			);
			defaultConfigurationIsVisible = 0;
			defaultConfigurationName = Release;
		};
		91FC342029A768B500D32E65 /* Build configuration list for PBXNativeTarget "AsyncLoaderImplementationTests" */ = {
			isa = XCConfigurationList;
			buildConfigurations = (
				91FC342129A768B500D32E65 /* Debug */,
				91FC342229A768B500D32E65 /* Release */,
			);
			defaultConfigurationIsVisible = 0;
			defaultConfigurationName = Release;
		};
		91FC342329A768B500D32E65 /* Build configuration list for PBXNativeTarget "AsyncLoaderImplementationUITests" */ = {
			isa = XCConfigurationList;
			buildConfigurations = (
				91FC342429A768B500D32E65 /* Debug */,
				91FC342529A768B500D32E65 /* Release */,
			);
			defaultConfigurationIsVisible = 0;
			defaultConfigurationName = Release;
		};
/* End XCConfigurationList section */
	};
	rootObject = 91FC33F129A768B300D32E65 /* Project object */;
}
